
Microsoft Visual Studio Solution File, Format Version 12.00
# Visual Studio Version 16
VisualStudioVersion = 16.0.31515.178
MinimumVisualStudioVersion = 10.0.40219.1
Project("{FAE04EC0-301F-11D3-BF4B-00C04F79EFBC}") = "Tipos de estructuras", "Tipos de estructuras.csproj", "{9FFBB268-84A1-46BD-A3D9-F21EBA7C5653}"
EndProject
Global
	GlobalSection(SolutionConfigurationPlatforms) = preSolution
		Debug|Any CPU = Debug|Any CPU
		Release|Any CPU = Release|Any CPU
	EndGlobalSection
	GlobalSection(ProjectConfigurationPlatforms) = postSolution
		{9FFBB268-84A1-46BD-A3D9-F21EBA7C5653}.Debug|Any CPU.ActiveCfg = Debug|Any CPU
		{9FFBB268-84A1-46BD-A3D9-F21EBA7C5653}.Debug|Any CPU.Build.0 = Debug|Any CPU
		{9FFBB268-84A1-46BD-A3D9-F21EBA7C5653}.Release|Any CPU.ActiveCfg = Release|Any CPU
		{9FFBB268-84A1-46BD-A3D9-F21EBA7C5653}.Release|Any CPU.Build.0 = Release|Any CPU
	EndGlobalSection
	GlobalSection(SolutionProperties) = preSolution
		HideSolutionNode = FALSE
	EndGlobalSection
	GlobalSection(ExtensibilityGlobals) = postSolution
		SolutionGuid = {78585BE8-14C3-4ADE-BD3B-88887F3ABC4D}
	EndGlobalSection
EndGlobal
